// !$*UTF8*$!
{
	archiveVersion = 1;
	classes = {
	};
	objectVersion = 56;
	objects = {

/* Begin PBXBuildFile section */
		CE179F072B316D2400E68AC7 /* SwiftUIView.swift in Sources */ = {isa = PBXBuildFile; fileRef = CE179F062B316D2400E68AC7 /* SwiftUIView.swift */; };
		CE179F0F2B32BC4900E68AC7 /* SwiftUIView2.swift in Sources */ = {isa = PBXBuildFile; fileRef = CE179F0E2B32BC4900E68AC7 /* SwiftUIView2.swift */; };
		CEC7D84F2B30257800C4B152 /* API_TESTApp.swift in Sources */ = {isa = PBXBuildFile; fileRef = CEC7D84E2B30257800C4B152 /* API_TESTApp.swift */; };
		CEC7D8512B30257800C4B152 /* ContentView.swift in Sources */ = {isa = PBXBuildFile; fileRef = CEC7D8502B30257800C4B152 /* ContentView.swift */; };
		CEC7D8532B30257A00C4B152 /* Assets.xcassets in Resources */ = {isa = PBXBuildFile; fileRef = CEC7D8522B30257A00C4B152 /* Assets.xcassets */; };
		CEC7D8562B30257A00C4B152 /* Preview Assets.xcassets in Resources */ = {isa = PBXBuildFile; fileRef = CEC7D8552B30257A00C4B152 /* Preview Assets.xcassets */; };
		CEC7D85E2B30286900C4B152 /* Alamofire in Frameworks */ = {isa = PBXBuildFile; productRef = CEC7D85D2B30286900C4B152 /* Alamofire */; };
		CEC7D8622B30363000C4B152 /* SwiftyJSON in Frameworks */ = {isa = PBXBuildFile; productRef = CEC7D8612B30363000C4B152 /* SwiftyJSON */; };
		CEC7D86A2B3089B900C4B152 /* images.swift in Sources */ = {isa = PBXBuildFile; fileRef = CEC7D8692B3089B900C4B152 /* images.swift */; };
/* End PBXBuildFile section */

/* Begin PBXFileReference section */
		CE179F062B316D2400E68AC7 /* SwiftUIView.swift */ = {isa = PBXFileReference; lastKnownFileType = sourcecode.swift; path = SwiftUIView.swift; sourceTree = "<group>"; };
		CE179F0E2B32BC4900E68AC7 /* SwiftUIView2.swift */ = {isa = PBXFileReference; lastKnownFileType = sourcecode.swift; path = SwiftUIView2.swift; sourceTree = "<group>"; };
		CEC7D84B2B30257800C4B152 /* API_TEST.app */ = {isa = PBXFileReference; explicitFileType = wrapper.application; includeInIndex = 0; path = API_TEST.app; sourceTree = BUILT_PRODUCTS_DIR; };
		CEC7D84E2B30257800C4B152 /* API_TESTApp.swift */ = {isa = PBXFileReference; lastKnownFileType = sourcecode.swift; path = API_TESTApp.swift; sourceTree = "<group>"; };
		CEC7D8502B30257800C4B152 /* ContentView.swift */ = {isa = PBXFileReference; lastKnownFileType = sourcecode.swift; path = ContentView.swift; sourceTree = "<group>"; };
		CEC7D8522B30257A00C4B152 /* Assets.xcassets */ = {isa = PBXFileReference; lastKnownFileType = folder.assetcatalog; path = Assets.xcassets; sourceTree = "<group>"; };
		CEC7D8552B30257A00C4B152 /* Preview Assets.xcassets */ = {isa = PBXFileReference; lastKnownFileType = folder.assetcatalog; path = "Preview Assets.xcassets"; sourceTree = "<group>"; };
		CEC7D85F2B302E4100C4B152 /* API-TEST-Info.plist */ = {isa = PBXFileReference; lastKnownFileType = text.plist; path = "API-TEST-Info.plist"; sourceTree = SOURCE_ROOT; };
		CEC7D8692B3089B900C4B152 /* images.swift */ = {isa = PBXFileReference; lastKnownFileType = sourcecode.swift; path = images.swift; sourceTree = "<group>"; };
/* End PBXFileReference section */

/* Begin PBXFrameworksBuildPhase section */
		CEC7D8482B30257800C4B152 /* Frameworks */ = {
			isa = PBXFrameworksBuildPhase;
			buildActionMask = 2147483647;
			files = (
				CEC7D8622B30363000C4B152 /* SwiftyJSON in Frameworks */,
				CEC7D85E2B30286900C4B152 /* Alamofire in Frameworks */,
			);
			runOnlyForDeploymentPostprocessing = 0;
		};
/* End PBXFrameworksBuildPhase section */

/* Begin PBXGroup section */
		CEC7D8422B30257800C4B152 = {
			isa = PBXGroup;
			children = (
				CEC7D84D2B30257800C4B152 /* API_TEST */,
				CEC7D84C2B30257800C4B152 /* Products */,
			);
			sourceTree = "<group>";
		};
		CEC7D84C2B30257800C4B152 /* Products */ = {
			isa = PBXGroup;
			children = (
				CEC7D84B2B30257800C4B152 /* API_TEST.app */,
			);
			name = Products;
			sourceTree = "<group>";
		};
		CEC7D84D2B30257800C4B152 /* API_TEST */ = {
			isa = PBXGroup;
			children = (
				CEC7D8682B30896D00C4B152 /* api */,
				CEC7D85F2B302E4100C4B152 /* API-TEST-Info.plist */,
				CEC7D84E2B30257800C4B152 /* API_TESTApp.swift */,
				CEC7D8502B30257800C4B152 /* ContentView.swift */,
				CEC7D8522B30257A00C4B152 /* Assets.xcassets */,
				CEC7D8542B30257A00C4B152 /* Preview Content */,
				CE179F062B316D2400E68AC7 /* SwiftUIView.swift */,
				CE179F0E2B32BC4900E68AC7 /* SwiftUIView2.swift */,
			);
			path = API_TEST;
			sourceTree = "<group>";
		};
		CEC7D8542B30257A00C4B152 /* Preview Content */ = {
			isa = PBXGroup;
			children = (
				CEC7D8552B30257A00C4B152 /* Preview Assets.xcassets */,
			);
			path = "Preview Content";
			sourceTree = "<group>";
		};
		CEC7D8682B30896D00C4B152 /* api */ = {
			isa = PBXGroup;
			children = (
				CEC7D8692B3089B900C4B152 /* images.swift */,
			);
			path = api;
			sourceTree = "<group>";
		};
/* End PBXGroup section */

/* Begin PBXNativeTarget section */
		CEC7D84A2B30257800C4B152 /* API_TEST */ = {
			isa = PBXNativeTarget;
			buildConfigurationList = CEC7D8592B30257A00C4B152 /* Build configuration list for PBXNativeTarget "API_TEST" */;
			buildPhases = (
				CEC7D8472B30257800C4B152 /* Sources */,
				CEC7D8482B30257800C4B152 /* Frameworks */,
				CEC7D8492B30257800C4B152 /* Resources */,
			);
			buildRules = (
			);
			dependencies = (
			);
			name = API_TEST;
			packageProductDependencies = (
				CEC7D85D2B30286900C4B152 /* Alamofire */,
				CEC7D8612B30363000C4B152 /* SwiftyJSON */,
			);
			productName = API_TEST;
			productReference = CEC7D84B2B30257800C4B152 /* API_TEST.app */;
			productType = "com.apple.product-type.application";
		};
/* End PBXNativeTarget section */

/* Begin PBXProject section */
		CEC7D8432B30257800C4B152 /* Project object */ = {
			isa = PBXProject;
			attributes = {
				BuildIndependentTargetsInParallel = 1;
				LastSwiftUpdateCheck = 1500;
				LastUpgradeCheck = 1500;
				TargetAttributes = {
					CEC7D84A2B30257800C4B152 = {
						CreatedOnToolsVersion = 15.0.1;
					};
				};
			};
			buildConfigurationList = CEC7D8462B30257800C4B152 /* Build configuration list for PBXProject "API_TEST" */;
			compatibilityVersion = "Xcode 14.0";
			developmentRegion = en;
			hasScannedForEncodings = 0;
			knownRegions = (
				en,
				Base,
			);
			mainGroup = CEC7D8422B30257800C4B152;
			packageReferences = (
				CEC7D85C2B30286900C4B152 /* XCRemoteSwiftPackageReference "Alamofire" */,
				CEC7D8602B30363000C4B152 /* XCRemoteSwiftPackageReference "SwiftyJSON" */,
			);
			productRefGroup = CEC7D84C2B30257800C4B152 /* Products */;
			projectDirPath = "";
			projectRoot = "";
			targets = (
				CEC7D84A2B30257800C4B152 /* API_TEST */,
			);
		};
/* End PBXProject section */

/* Begin PBXResourcesBuildPhase section */
		CEC7D8492B30257800C4B152 /* Resources */ = {
			isa = PBXResourcesBuildPhase;
			buildActionMask = 2147483647;
			files = (
				CEC7D8562B30257A00C4B152 /* Preview Assets.xcassets in Resources */,
				CEC7D8532B30257A00C4B152 /* Assets.xcassets in Resources */,
			);
			runOnlyForDeploymentPostprocessing = 0;
		};
/* End PBXResourcesBuildPhase section */

/* Begin PBXSourcesBuildPhase section */
		CEC7D8472B30257800C4B152 /* Sources */ = {
			isa = PBXSourcesBuildPhase;
			buildActionMask = 2147483647;
			files = (
				CEC7D8512B30257800C4B152 /* ContentView.swift in Sources */,
				CEC7D86A2B3089B900C4B152 /* images.swift in Sources */,
				CE179F0F2B32BC4900E68AC7 /* SwiftUIView2.swift in Sources */,
				CE179F072B316D2400E68AC7 /* SwiftUIView.swift in Sources */,
				CEC7D84F2B30257800C4B152 /* API_TESTApp.swift in Sources */,
			);
			runOnlyForDeploymentPostprocessing = 0;
		};
/* End PBXSourcesBuildPhase section */

/* Begin XCBuildConfiguration section */
		CEC7D8572B30257A00C4B152 /* Debug */ = {
			isa = XCBuildConfiguration;
			buildSettings = {
				ALWAYS_SEARCH_USER_PATHS = NO;
				ASSETCATALOG_COMPILER_GENERATE_SWIFT_ASSET_SYMBOL_EXTENSIONS = YES;
				CLANG_ANALYZER_NONNULL = YES;
				CLANG_ANALYZER_NUMBER_OBJECT_CONVERSION = YES_AGGRESSIVE;
				CLANG_CXX_LANGUAGE_STANDARD = "gnu++20";
				CLANG_ENABLE_MODULES = YES;
				CLANG_ENABLE_OBJC_ARC = YES;
				CLANG_ENABLE_OBJC_WEAK = YES;
				CLANG_WARN_BLOCK_CAPTURE_AUTORELEASING = YES;
				CLANG_WARN_BOOL_CONVERSION = YES;
				CLANG_WARN_COMMA = YES;
				CLANG_WARN_CONSTANT_CONVERSION = YES;
				CLANG_WARN_DEPRECATED_OBJC_IMPLEMENTATIONS = YES;
				CLANG_WARN_DIRECT_OBJC_ISA_USAGE = YES_ERROR;
				CLANG_WARN_DOCUMENTATION_COMMENTS = YES;
				CLANG_WARN_EMPTY_BODY = YES;
				CLANG_WARN_ENUM_CONVERSION = YES;
				CLANG_WARN_INFINITE_RECURSION = YES;
				CLANG_WARN_INT_CONVERSION = YES;
				CLANG_WARN_NON_LITERAL_NULL_CONVERSION = YES;
				CLANG_WARN_OBJC_IMPLICIT_RETAIN_SELF = YES;
				CLANG_WARN_OBJC_LITERAL_CONVERSION = YES;
				CLANG_WARN_OBJC_ROOT_CLASS = YES_ERROR;
				CLANG_WARN_QUOTED_INCLUDE_IN_FRAMEWORK_HEADER = YES;
				CLANG_WARN_RANGE_LOOP_ANALYSIS = YES;
				CLANG_WARN_STRICT_PROTOTYPES = YES;
				CLANG_WARN_SUSPICIOUS_MOVE = YES;
				CLANG_WARN_UNGUARDED_AVAILABILITY = YES_AGGRESSIVE;
				CLANG_WARN_UNREACHABLE_CODE = YES;
				CLANG_WARN__DUPLICATE_METHOD_MATCH = YES;
				COPY_PHASE_STRIP = NO;
				DEBUG_INFORMATION_FORMAT = dwarf;
				ENABLE_STRICT_OBJC_MSGSEND = YES;
				ENABLE_TESTABILITY = YES;
				ENABLE_USER_SCRIPT_SANDBOXING = YES;
				GCC_C_LANGUAGE_STANDARD = gnu17;
				GCC_DYNAMIC_NO_PIC = NO;
				GCC_NO_COMMON_BLOCKS = YES;
				GCC_OPTIMIZATION_LEVEL = 0;
				GCC_PREPROCESSOR_DEFINITIONS = (
					"DEBUG=1",
					"$(inherited)",
				);
				GCC_WARN_64_TO_32_BIT_CONVERSION = YES;
				GCC_WARN_ABOUT_RETURN_TYPE = YES_ERROR;
				GCC_WARN_UNDECLARED_SELECTOR = YES;
				GCC_WARN_UNINITIALIZED_AUTOS = YES_AGGRESSIVE;
				GCC_WARN_UNUSED_FUNCTION = YES;
				GCC_WARN_UNUSED_VARIABLE = YES;
				IPHONEOS_DEPLOYMENT_TARGET = 17.0;
				LOCALIZATION_PREFERS_STRING_CATALOGS = YES;
				MTL_ENABLE_DEBUG_INFO = INCLUDE_SOURCE;
				MTL_FAST_MATH = YES;
				ONLY_ACTIVE_ARCH = YES;
				SDKROOT = iphoneos;
				SWIFT_ACTIVE_COMPILATION_CONDITIONS = "DEBUG $(inherited)";
				SWIFT_OPTIMIZATION_LEVEL = "-Onone";
			};
			name = Debug;
		};
		CEC7D8582B30257A00C4B152 /* Release */ = {
			isa = XCBuildConfiguration;
			buildSettings = {
				ALWAYS_SEARCH_USER_PATHS = NO;
				ASSETCATALOG_COMPILER_GENERATE_SWIFT_ASSET_SYMBOL_EXTENSIONS = YES;
				CLANG_ANALYZER_NONNULL = YES;
				CLANG_ANALYZER_NUMBER_OBJECT_CONVERSION = YES_AGGRESSIVE;
				CLANG_CXX_LANGUAGE_STANDARD = "gnu++20";
				CLANG_ENABLE_MODULES = YES;
				CLANG_ENABLE_OBJC_ARC = YES;
				CLANG_ENABLE_OBJC_WEAK = YES;
				CLANG_WARN_BLOCK_CAPTURE_AUTORELEASING = YES;
				CLANG_WARN_BOOL_CONVERSION = YES;
				CLANG_WARN_COMMA = YES;
				CLANG_WARN_CONSTANT_CONVERSION = YES;
				CLANG_WARN_DEPRECATED_OBJC_IMPLEMENTATIONS = YES;
				CLANG_WARN_DIRECT_OBJC_ISA_USAGE = YES_ERROR;
				CLANG_WARN_DOCUMENTATION_COMMENTS = YES;
				CLANG_WARN_EMPTY_BODY = YES;
				CLANG_WARN_ENUM_CONVERSION = YES;
				CLANG_WARN_INFINITE_RECURSION = YES;
				CLANG_WARN_INT_CONVERSION = YES;
				CLANG_WARN_NON_LITERAL_NULL_CONVERSION = YES;
				CLANG_WARN_OBJC_IMPLICIT_RETAIN_SELF = YES;
				CLANG_WARN_OBJC_LITERAL_CONVERSION = YES;
				CLANG_WARN_OBJC_ROOT_CLASS = YES_ERROR;
				CLANG_WARN_QUOTED_INCLUDE_IN_FRAMEWORK_HEADER = YES;
				CLANG_WARN_RANGE_LOOP_ANALYSIS = YES;
				CLANG_WARN_STRICT_PROTOTYPES = YES;
				CLANG_WARN_SUSPICIOUS_MOVE = YES;
				CLANG_WARN_UNGUARDED_AVAILABILITY = YES_AGGRESSIVE;
				CLANG_WARN_UNREACHABLE_CODE = YES;
				CLANG_WARN__DUPLICATE_METHOD_MATCH = YES;
				COPY_PHASE_STRIP = NO;
				DEBUG_INFORMATION_FORMAT = "dwarf-with-dsym";
				ENABLE_NS_ASSERTIONS = NO;
				ENABLE_STRICT_OBJC_MSGSEND = YES;
				ENABLE_USER_SCRIPT_SANDBOXING = YES;
				GCC_C_LANGUAGE_STANDARD = gnu17;
				GCC_NO_COMMON_BLOCKS = YES;
				GCC_WARN_64_TO_32_BIT_CONVERSION = YES;
				GCC_WARN_ABOUT_RETURN_TYPE = YES_ERROR;
				GCC_WARN_UNDECLARED_SELECTOR = YES;
				GCC_WARN_UNINITIALIZED_AUTOS = YES_AGGRESSIVE;
				GCC_WARN_UNUSED_FUNCTION = YES;
				GCC_WARN_UNUSED_VARIABLE = YES;
				IPHONEOS_DEPLOYMENT_TARGET = 17.0;
				LOCALIZATION_PREFERS_STRING_CATALOGS = YES;
				MTL_ENABLE_DEBUG_INFO = NO;
				MTL_FAST_MATH = YES;
				SDKROOT = iphoneos;
				SWIFT_COMPILATION_MODE = wholemodule;
				VALIDATE_PRODUCT = YES;
			};
			name = Release;
		};
		CEC7D85A2B30257A00C4B152 /* Debug */ = {
			isa = XCBuildConfiguration;
			buildSettings = {
				ASSETCATALOG_COMPILER_APPICON_NAME = AppIcon;
				ASSETCATALOG_COMPILER_GLOBAL_ACCENT_COLOR_NAME = AccentColor;
				CODE_SIGN_STYLE = Automatic;
				CURRENT_PROJECT_VERSION = 1;
				DEVELOPMENT_ASSET_PATHS = "\"API_TEST/Preview Content\"";
				DEVELOPMENT_TEAM = 5X7NMS6ZZH;
				ENABLE_PREVIEWS = YES;
				GENERATE_INFOPLIST_FILE = YES;
				INFOPLIST_FILE = "API-TEST-Info.plist";
				INFOPLIST_KEY_UIApplicationSceneManifest_Generation = YES;
				INFOPLIST_KEY_UIApplicationSupportsIndirectInputEvents = YES;
				INFOPLIST_KEY_UILaunchScreen_Generation = YES;
				INFOPLIST_KEY_UISupportedInterfaceOrientations_iPad = "UIInterfaceOrientationPortrait UIInterfaceOrientationPortraitUpsideDown UIInterfaceOrientationLandscapeLeft UIInterfaceOrientationLandscapeRight";
				INFOPLIST_KEY_UISupportedInterfaceOrientations_iPhone = "UIInterfaceOrientationPortrait UIInterfaceOrientationLandscapeLeft UIInterfaceOrientationLandscapeRight";
				LD_RUNPATH_SEARCH_PATHS = (
					"$(inherited)",
					"@executable_path/Frameworks",
				);
				MARKETING_VERSION = 1.0;
				PRODUCT_BUNDLE_IDENTIFIER = "BTC5.API-TEST";
				PRODUCT_NAME = "$(TARGET_NAME)";
				SWIFT_EMIT_LOC_STRINGS = YES;
				SWIFT_VERSION = 5.0;
				TARGETED_DEVICE_FAMILY = "1,2";
			};
			name = Debug;
		};
		CEC7D85B2B30257A00C4B152 /* Release */ = {
			isa = XCBuildConfiguration;
			buildSettings = {
				ASSETCATALOG_COMPILER_APPICON_NAME = AppIcon;
				ASSETCATALOG_COMPILER_GLOBAL_ACCENT_COLOR_NAME = AccentColor;
				CODE_SIGN_STYLE = Automatic;
				CURRENT_PROJECT_VERSION = 1;
				DEVELOPMENT_ASSET_PATHS = "\"API_TEST/Preview Content\"";
				DEVELOPMENT_TEAM = 5X7NMS6ZZH;
				ENABLE_PREVIEWS = YES;
				GENERATE_INFOPLIST_FILE = YES;
				INFOPLIST_FILE = "API-TEST-Info.plist";
				INFOPLIST_KEY_UIApplicationSceneManifest_Generation = YES;
				INFOPLIST_KEY_UIApplicationSupportsIndirectInputEvents = YES;
				INFOPLIST_KEY_UILaunchScreen_Generation = YES;
				INFOPLIST_KEY_UISupportedInterfaceOrientations_iPad = "UIInterfaceOrientationPortrait UIInterfaceOrientationPortraitUpsideDown UIInterfaceOrientationLandscapeLeft UIInterfaceOrientationLandscapeRight";
				INFOPLIST_KEY_UISupportedInterfaceOrientations_iPhone = "UIInterfaceOrientationPortrait UIInterfaceOrientationLandscapeLeft UIInterfaceOrientationLandscapeRight";
				LD_RUNPATH_SEARCH_PATHS = (
					"$(inherited)",
					"@executable_path/Frameworks",
				);
				MARKETING_VERSION = 1.0;
				PRODUCT_BUNDLE_IDENTIFIER = "BTC5.API-TEST";
				PRODUCT_NAME = "$(TARGET_NAME)";
				SWIFT_EMIT_LOC_STRINGS = YES;
				SWIFT_VERSION = 5.0;
				TARGETED_DEVICE_FAMILY = "1,2";
			};
			name = Release;
		};
/* End XCBuildConfiguration section */

/* Begin XCConfigurationList section */
		CEC7D8462B30257800C4B152 /* Build configuration list for PBXProject "API_TEST" */ = {
			isa = XCConfigurationList;
			buildConfigurations = (
				CEC7D8572B30257A00C4B152 /* Debug */,
				CEC7D8582B30257A00C4B152 /* Release */,
			);
			defaultConfigurationIsVisible = 0;
			defaultConfigurationName = Release;
		};
		CEC7D8592B30257A00C4B152 /* Build configuration list for PBXNativeTarget "API_TEST" */ = {
			isa = XCConfigurationList;
			buildConfigurations = (
				CEC7D85A2B30257A00C4B152 /* Debug */,
				CEC7D85B2B30257A00C4B152 /* Release */,
			);
			defaultConfigurationIsVisible = 0;
			defaultConfigurationName = Release;
		};
/* End XCConfigurationList section */

/* Begin XCRemoteSwiftPackageReference section */
		CEC7D85C2B30286900C4B152 /* XCRemoteSwiftPackageReference "Alamofire" */ = {
			isa = XCRemoteSwiftPackageReference;
			repositoryURL = "https://github.com/Alamofire/Alamofire.git";
			requirement = {
				kind = upToNextMajorVersion;
				minimumVersion = 5.8.1;
			};
		};
		CEC7D8602B30363000C4B152 /* XCRemoteSwiftPackageReference "SwiftyJSON" */ = {
			isa = XCRemoteSwiftPackageReference;
			repositoryURL = "https://github.com/SwiftyJSON/SwiftyJSON.git";
			requirement = {
				kind = upToNextMajorVersion;
				minimumVersion = 5.0.1;
			};
		};
/* End XCRemoteSwiftPackageReference section */

/* Begin XCSwiftPackageProductDependency section */
		CEC7D85D2B30286900C4B152 /* Alamofire */ = {
			isa = XCSwiftPackageProductDependency;
			package = CEC7D85C2B30286900C4B152 /* XCRemoteSwiftPackageReference "Alamofire" */;
			productName = Alamofire;
		};
		CEC7D8612B30363000C4B152 /* SwiftyJSON */ = {
			isa = XCSwiftPackageProductDependency;
			package = CEC7D8602B30363000C4B152 /* XCRemoteSwiftPackageReference "SwiftyJSON" */;
			productName = SwiftyJSON;
		};
/* End XCSwiftPackageProductDependency section */
	};
	rootObject = CEC7D8432B30257800C4B152 /* Project object */;
}
